<?xml version="1.0" encoding="UTF-8"?>
<Scheme
   LastUpgradeVersion = "0620"
   version = "1.3">
   <BuildAction
      parallelizeBuildables = "YES"
      buildImplicitDependencies = "YES">
      <BuildActionEntries>
         <BuildActionEntry
            buildForTesting = "YES"
            buildForRunning = "YES"
            buildForProfiling = "YES"
            buildForArchiving = "YES"
            buildForAnalyzing = "YES">
            <BuildableReference
               BuildableIdentifier = "primary"
               BlueprintIdentifier = "280862541AD6F229006F9DA5"
               BuildableName = "Flat Weather WatchKit App.app"
               BlueprintName = "Flat Weather WatchKit App"
               ReferencedContainer = "container:Flat Weather.xcodeproj">
            </BuildableReference>
         </BuildActionEntry>
         <BuildActionEntry
            buildForTesting = "YES"
            buildForRunning = "YES"
            buildForProfiling = "YES"
            buildForArchiving = "YES"
            buildForAnalyzing = "YES">
            <BuildableReference
               BuildableIdentifier = "primary"
               BlueprintIdentifier = "28239A711A1D5272006B3BAF"
               BuildableName = "Flat Weather.app"
               BlueprintName = "Flat Weather"
               ReferencedContainer = "container:Flat Weather.xcodeproj">
            </BuildableReference>
         </BuildActionEntry>
         <BuildActionEntry
            buildForTesting = "YES"
            buildForRunning = "YES"
            buildForProfiling = "YES"
            buildForArchiving = "YES"
            buildForAnalyzing = "YES">
            <BuildableReference
               BuildableIdentifier = "primary"
               BlueprintIdentifier = "280862471AD6F229006F9DA5"
               BuildableName = "Flat Weather WatchKit Extension.appex"
               BlueprintName = "Flat Weather WatchKit Extension"
               ReferencedContainer = "container:Flat Weather.xcodeproj">
            </BuildableReference>
         </BuildActionEntry>
      </BuildActionEntries>
   </BuildAction>
   <TestAction
      selectedDebuggerIdentifier = "Xcode.DebuggerFoundation.Debugger.LLDB"
      selectedLauncherIdentifier = "Xcode.DebuggerFoundation.Launcher.LLDB"
      shouldUseLaunchSchemeArgsEnv = "YES"
      buildConfiguration = "Debug">
      <Testables>
      </Testables>
      <MacroExpansion>
         <BuildableReference
            BuildableIdentifier = "primary"
            BlueprintIdentifier = "280862541AD6F229006F9DA5"
            BuildableName = "Flat Weather WatchKit App.app"
            BlueprintName = "Flat Weather WatchKit App"
            ReferencedContainer = "container:Flat Weather.xcodeproj">
         </BuildableReference>
      </MacroExpansion>
   </TestAction>
   <LaunchAction
      selectedDebuggerIdentifier = "Xcode.DebuggerFoundation.Debugger.LLDB"
      selectedLauncherIdentifier = "Xcode.DebuggerFoundation.Launcher.LLDB"
      launchStyle = "0"
      useCustomWorkingDirectory = "NO"
      buildConfiguration = "Debug"
      ignoresPersistentStateOnLaunch = "NO"
      debugDocumentVersioning = "YES"
      allowLocationSimulation = "YES"
      notificationPayloadFile = "Flat Weather WatchKit Extension/PushNotificationPayload.apns">
      <RemoteRunnable
         runnableDebuggingMode = "2"
         BundleIdentifier = "com.apple.springboard"
         RemotePath = "/Flat Weather">
         <BuildableReference
            BuildableIdentifier = "primary"
            BlueprintIdentifier = "280862541AD6F229006F9DA5"
            BuildableName = "Flat Weather WatchKit App.app"
            BlueprintName = "Flat Weather WatchKit App"
            ReferencedContainer = "container:Flat Weather.xcodeproj">
         </BuildableReference>
      </RemoteRunnable>
      <MacroExpansion>
         <BuildableReference
            BuildableIdentifier = "primary"
            BlueprintIdentifier = "280862541AD6F229006F9DA5"
            BuildableName = "Flat Weather WatchKit App.app"
            BlueprintName = "Flat Weather WatchKit App"
            ReferencedContainer = "container:Flat Weather.xcodeproj">
         </BuildableReference>
      </MacroExpansion>
      <AdditionalOptions>
      </AdditionalOptions>
   </LaunchAction>
   <ProfileAction
      shouldUseLaunchSchemeArgsEnv = "YES"
      savedToolIdentifier = ""
      useCustomWorkingDirectory = "NO"
      buildConfiguration = "Release"
      debugDocumentVersioning = "YES">
      <RemoteRunnable
         runnableDebuggingMode = "2"
         BundleIdentifier = "com.apple.springboard"
         RemotePath = "/Flat Weather">
         <BuildableReference
            BuildableIdentifier = "primary"
            BlueprintIdentifier = "280862541AD6F229006F9DA5"
            BuildableName = "Flat Weather WatchKit App.app"
            BlueprintName = "Flat Weather WatchKit App"
            ReferencedContainer = "container:Flat Weather.xcodeproj">
         </BuildableReference>
      </RemoteRunnable>
      <MacroExpansion>
         <BuildableReference
            BuildableIdentifier = "primary"
            BlueprintIdentifier = "280862541AD6F229006F9DA5"
            BuildableName = "Flat Weather WatchKit App.app"
            BlueprintName = "Flat Weather WatchKit App"
            ReferencedContainer = "container:Flat Weather.xcodeproj">
         </BuildableReference>
      </MacroExpansion>
   </ProfileAction>
   <AnalyzeAction
      buildConfiguration = "Debug">
   </AnalyzeAction>
   <ArchiveAction
      buildConfiguration = "Release"
      revealArchiveInOrganizer = "YES">
   </ArchiveAction>
</Scheme>
